
Microsoft Visual Studio Solution File, Format Version 12.00
# Visual Studio Version 17
VisualStudioVersion = 17.2.32516.85
MinimumVisualStudioVersion = 10.0.40219.1
Project("{FAE04EC0-301F-11D3-BF4B-00C04F79EFBC}") = "HelloWorld", "HelloWorld.csproj", "{EBFA7855-6D81-45D0-8008-E29FE885EB7D}"
EndProject
Global
	GlobalSection(SolutionConfigurationPlatforms) = preSolution
		Debug|Any CPU = Debug|Any CPU
		Release|Any CPU = Release|Any CPU
	EndGlobalSection
	GlobalSection(ProjectConfigurationPlatforms) = postSolution
		{EBFA7855-6D81-45D0-8008-E29FE885EB7D}.Debug|Any CPU.ActiveCfg = Debug|Any CPU
		{EBFA7855-6D81-45D0-8008-E29FE885EB7D}.Debug|Any CPU.Build.0 = Debug|Any CPU
		{EBFA7855-6D81-45D0-8008-E29FE885EB7D}.Release|Any CPU.ActiveCfg = Release|Any CPU
		{EBFA7855-6D81-45D0-8008-E29FE885EB7D}.Release|Any CPU.Build.0 = Release|Any CPU
	EndGlobalSection
	GlobalSection(SolutionProperties) = preSolution
		HideSolutionNode = FALSE
	EndGlobalSection
	GlobalSection(ExtensibilityGlobals) = postSolution
		SolutionGuid = {AC9F04BB-8821-4F07-BB21-84A33F8E2A16}
	EndGlobalSection
EndGlobal
